
Microsoft Visual Studio Solution File, Format Version 12.00
# Visual Studio Version 16
VisualStudioVersion = 16.0.31410.357
MinimumVisualStudioVersion = 10.0.40219.1
Project("{FAE04EC0-301F-11D3-BF4B-00C04F79EFBC}") = "Tarea05_14", "Tarea05_14\Tarea05_14.csproj", "{F4FB46BC-E444-4273-8AD9-72A19891009E}"
EndProject
Global
	GlobalSection(SolutionConfigurationPlatforms) = preSolution
		Debug|Any CPU = Debug|Any CPU
		Release|Any CPU = Release|Any CPU
	EndGlobalSection
	GlobalSection(ProjectConfigurationPlatforms) = postSolution
		{F4FB46BC-E444-4273-8AD9-72A19891009E}.Debug|Any CPU.ActiveCfg = Debug|Any CPU
		{F4FB46BC-E444-4273-8AD9-72A19891009E}.Debug|Any CPU.Build.0 = Debug|Any CPU
		{F4FB46BC-E444-4273-8AD9-72A19891009E}.Release|Any CPU.ActiveCfg = Release|Any CPU
		{F4FB46BC-E444-4273-8AD9-72A19891009E}.Release|Any CPU.Build.0 = Release|Any CPU
	EndGlobalSection
	GlobalSection(SolutionProperties) = preSolution
		HideSolutionNode = FALSE
	EndGlobalSection
	GlobalSection(ExtensibilityGlobals) = postSolution
		SolutionGuid = {32798E64-25CC-4A22-A4E7-7C3396B49AB7}
	EndGlobalSection
EndGlobal
